
Microsoft Visual Studio Solution File, Format Version 12.00
# Visual Studio Version 16
VisualStudioVersion = 16.0.31424.327
MinimumVisualStudioVersion = 10.0.40219.1
Project("{FAE04EC0-301F-11D3-BF4B-00C04F79EFBC}") = "PetStore", "PetStore\PetStore.csproj", "{77E8B1CC-A29D-4F33-A877-60F1CCC72503}"
EndProject
Global
	GlobalSection(SolutionConfigurationPlatforms) = preSolution
		Debug|Any CPU = Debug|Any CPU
		Release|Any CPU = Release|Any CPU
	EndGlobalSection
	GlobalSection(ProjectConfigurationPlatforms) = postSolution
		{77E8B1CC-A29D-4F33-A877-60F1CCC72503}.Debug|Any CPU.ActiveCfg = Debug|Any CPU
		{77E8B1CC-A29D-4F33-A877-60F1CCC72503}.Debug|Any CPU.Build.0 = Debug|Any CPU
		{77E8B1CC-A29D-4F33-A877-60F1CCC72503}.Release|Any CPU.ActiveCfg = Release|Any CPU
		{77E8B1CC-A29D-4F33-A877-60F1CCC72503}.Release|Any CPU.Build.0 = Release|Any CPU
	EndGlobalSection
	GlobalSection(SolutionProperties) = preSolution
		HideSolutionNode = FALSE
	EndGlobalSection
	GlobalSection(ExtensibilityGlobals) = postSolution
		SolutionGuid = {9812C237-98C5-46F0-8595-4F29265D2F75}
	EndGlobalSection
EndGlobal
